
Microsoft Visual Studio Solution File, Format Version 12.00
# Visual Studio 14
VisualStudioVersion = 14.0.23107.0
MinimumVisualStudioVersion = 10.0.40219.1
Project("{FAE04EC0-301F-11D3-BF4B-00C04F79EFBC}") = "KahootConverter2", "KahootConverter2\KahootConverter2.csproj", "{73686FE8-B364-412B-8B64-F9E100EA210B}"
EndProject
Global
	GlobalSection(SolutionConfigurationPlatforms) = preSolution
		Debug|Any CPU = Debug|Any CPU
		Release|Any CPU = Release|Any CPU
	EndGlobalSection
	GlobalSection(ProjectConfigurationPlatforms) = postSolution
		{73686FE8-B364-412B-8B64-F9E100EA210B}.Debug|Any CPU.ActiveCfg = Debug|Any CPU
		{73686FE8-B364-412B-8B64-F9E100EA210B}.Debug|Any CPU.Build.0 = Debug|Any CPU
		{73686FE8-B364-412B-8B64-F9E100EA210B}.Release|Any CPU.ActiveCfg = Release|Any CPU
		{73686FE8-B364-412B-8B64-F9E100EA210B}.Release|Any CPU.Build.0 = Release|Any CPU
	EndGlobalSection
	GlobalSection(SolutionProperties) = preSolution
		HideSolutionNode = FALSE
	EndGlobalSection
EndGlobal
